{
  "name": "tool-test",
  "version": "1.0.0",
  "lockfileVersion": 3,
  "requires": true,
  "packages": {
    "": {
      "name": "tool-test",
      "version": "1.0.0",
      "license": "ISC",
      "dependencies": {
        "pnpm": "^10.26.1"
      }
    },
    "node_modules/pnpm": {
      "version": "10.26.1",
      "resolved": "https://registry.npmmirror.com/pnpm/-/pnpm-10.26.1.tgz",
      "integrity": "sha512-ZkB0q8Nn0skyT9wYA3CXzgqPEmA0Fg9wmSjp6fldmHFDRwROXDFk1lvV2mxZxr42KxB1Rikqjuy3mZGW5c5Y+g==",
      "license": "MIT",
      "bin": {
        "pnpm": "bin/pnpm.cjs",
        "pnpx": "bin/pnpx.cjs"
      },
      "engines": {
        "node": ">=18.12"
      },
      "funding": {
        "url": "https://opencollective.com/pnpm"
      }
    }
  }
}
